<?xml version="1.0" encoding="utf-8"?>
<Project ToolsVersion="4.0" xmlns="http://schemas.microsoft.com/developer/msbuild/2003">
  <ItemGroup>
    <Filter Include="core">
      <UniqueIdentifier>{93995380-89BD-4b04-88EB-625FBE52EBFB}</UniqueIdentifier>
      <Extensions>h;hh;hpp;hxx;h++;hm;inl;inc;ipp;xsd</Extensions>
    </Filter>
    <Filter Include="common">
      <UniqueIdentifier>{4FC737F1-C7A5-4376-A066-2A32D752A2FF}</UniqueIdentifier>
      <Extensions>cpp;c;cc;cxx;c++;cppm;ixx;def;odl;idl;hpj;bat;asm;asmx</Extensions>
    </Filter>
  </ItemGroup>
  <ItemGroup>
    <ClCompile Include="core\audio_player.cpp">
      <Filter>core</Filter>
    </ClCompile>
    <ClCompile Include="common\audio_buffer.cpp">
      <Filter>common</Filter>
    </ClCompile>
    <ClCompile Include="core\port_recorder.cpp">
      <Filter>core</Filter>
    </ClCompile>
    <ClCompile Include="common\audio_common.cpp">
      <Filter>common</Filter>
    </ClCompile>
  </ItemGroup>
  <ItemGroup>
    <ClInclude Include="core\audio_player.h">
      <Filter>core</Filter>
    </ClInclude>
    <ClInclude Include="common\audio_buffer.h">
      <Filter>common</Filter>
    </ClInclude>
    <ClInclude Include="core\iport_callback.h">
      <Filter>core</Filter>
    </ClInclude>
    <ClInclude Include="core\port_recorder.h">
      <Filter>core</Filter>
    </ClInclude>
    <ClInclude Include="common\audio_common.h">
      <Filter>common</Filter>
    </ClInclude>
  </ItemGroup>
</Project>