
Microsoft Visual Studio Solution File, Format Version 12.00
# Visual Studio Version 16
VisualStudioVersion = 16.0.32126.315
MinimumVisualStudioVersion = 10.0.40219.1
Project("{8BC9CEB8-8B4A-11D0-8D11-00A0C91BC942}") = "learninglive", "learninglive.vcxproj", "{D779B12E-5F20-409E-A316-1D7A36ED0933}"
EndProject
Project("{8BC9CEB8-8B4A-11D0-8D11-00A0C91BC942}") = "rtp_base", "..\rtp_base\rtp_base.vcxproj", "{48BB8BD8-614B-472F-B2E5-B7BFB7B367B6}"
EndProject
Project("{8BC9CEB8-8B4A-11D0-8D11-00A0C91BC942}") = "audio", "..\audio\audio.vcxproj", "{B67C8BB0-0871-4E51-9013-C679C49F8D2D}"
	ProjectSection(ProjectDependencies) = postProject
		{028A17C0-A276-4C1F-BCE1-2BE289BC2AC7} = {028A17C0-A276-4C1F-BCE1-2BE289BC2AC7}
	EndProjectSection
EndProject
Project("{8BC9CEB8-8B4A-11D0-8D11-00A0C91BC942}") = "video", "..\video\video.vcxproj", "{E8E7B242-FE57-4C6A-A7E6-C1B507D3227B}"
EndProject
Project("{8BC9CEB8-8B4A-11D0-8D11-00A0C91BC942}") = "net_base", "..\net_base\net_base.vcxproj", "{6EEBE883-9FC8-4D37-A08F-72CF0409709B}"
EndProject
Project("{8BC9CEB8-8B4A-11D0-8D11-00A0C91BC942}") = "learnsvr", "..\learnsvr\learnsvr.vcxproj", "{E4FC8B2C-20C0-4632-A521-093AC1B23A6E}"
	ProjectSection(ProjectDependencies) = postProject
		{FAC2EE8D-DDA1-4237-B02F-884CEB24C6B8} = {FAC2EE8D-DDA1-4237-B02F-884CEB24C6B8}
		{A066369B-465B-4EE9-B5AC-833C91E564B9} = {A066369B-465B-4EE9-B5AC-833C91E564B9}
		{028A17C0-A276-4C1F-BCE1-2BE289BC2AC7} = {028A17C0-A276-4C1F-BCE1-2BE289BC2AC7}
	EndProjectSection
EndProject
Project("{8BC9CEB8-8B4A-11D0-8D11-00A0C91BC942}") = "qos", "..\qos\qos.vcxproj", "{8A39EF2E-018E-49F2-95C8-7290D8231493}"
EndProject
Project("{8BC9CEB8-8B4A-11D0-8D11-00A0C91BC942}") = "netrate", "..\netrate\netrate.vcxproj", "{D965C98C-E4EA-4186-90FD-0F4540BB1669}"
EndProject
Project("{8BC9CEB8-8B4A-11D0-8D11-00A0C91BC942}") = "pc_client", "..\pc_client\pc_client.vcxproj", "{0909FEFF-51D6-4730-9B33-708C300638C1}"
	ProjectSection(ProjectDependencies) = postProject
		{8A39EF2E-018E-49F2-95C8-7290D8231493} = {8A39EF2E-018E-49F2-95C8-7290D8231493}
		{B46CD54F-C4E8-43DA-9899-2A172252B7A8} = {B46CD54F-C4E8-43DA-9899-2A172252B7A8}
		{FD585186-A241-4589-985D-2EBC3506C024} = {FD585186-A241-4589-985D-2EBC3506C024}
		{FAC2EE8D-DDA1-4237-B02F-884CEB24C6B8} = {FAC2EE8D-DDA1-4237-B02F-884CEB24C6B8}
		{A066369B-465B-4EE9-B5AC-833C91E564B9} = {A066369B-465B-4EE9-B5AC-833C91E564B9}
		{B67C8BB0-0871-4E51-9013-C679C49F8D2D} = {B67C8BB0-0871-4E51-9013-C679C49F8D2D}
		{028A17C0-A276-4C1F-BCE1-2BE289BC2AC7} = {028A17C0-A276-4C1F-BCE1-2BE289BC2AC7}
		{48BB8BD8-614B-472F-B2E5-B7BFB7B367B6} = {48BB8BD8-614B-472F-B2E5-B7BFB7B367B6}
	EndProjectSection
EndProject
Project("{8BC9CEB8-8B4A-11D0-8D11-00A0C91BC942}") = "endec", "..\endec\endec.vcxproj", "{FD585186-A241-4589-985D-2EBC3506C024}"
	ProjectSection(ProjectDependencies) = postProject
		{B46CD54F-C4E8-43DA-9899-2A172252B7A8} = {B46CD54F-C4E8-43DA-9899-2A172252B7A8}
		{B67C8BB0-0871-4E51-9013-C679C49F8D2D} = {B67C8BB0-0871-4E51-9013-C679C49F8D2D}
		{028A17C0-A276-4C1F-BCE1-2BE289BC2AC7} = {028A17C0-A276-4C1F-BCE1-2BE289BC2AC7}
	EndProjectSection
EndProject
Project("{2150E333-8FDC-42A3-9474-1A3956D46DE8}") = "3rd", "3rd", "{1085B390-9963-4918-9947-46A64A85A63C}"
EndProject
Project("{8BC9CEB8-8B4A-11D0-8D11-00A0C91BC942}") = "log4u", "..\3rd\log4u\log4u.vcxproj", "{FAC2EE8D-DDA1-4237-B02F-884CEB24C6B8}"
EndProject
Project("{8BC9CEB8-8B4A-11D0-8D11-00A0C91BC942}") = "fdk-aac", "..\3rd\fdk-aac-2.0.1\fak-aac-win\fdk-aac\fdk-aac.vcxproj", "{B46CD54F-C4E8-43DA-9899-2A172252B7A8}"
EndProject
Project("{8BC9CEB8-8B4A-11D0-8D11-00A0C91BC942}") = "common", "..\common\common.vcxproj", "{028A17C0-A276-4C1F-BCE1-2BE289BC2AC7}"
EndProject
Project("{8BC9CEB8-8B4A-11D0-8D11-00A0C91BC942}") = "uvnet", "..\3rd\uvnet\uvnet.vcxproj", "{A066369B-465B-4EE9-B5AC-833C91E564B9}"
EndProject
Global
	GlobalSection(SolutionConfigurationPlatforms) = preSolution
		Debug|x64 = Debug|x64
		Debug|x86 = Debug|x86
		MinSizeRel|x64 = MinSizeRel|x64
		MinSizeRel|x86 = MinSizeRel|x86
		Release|x64 = Release|x64
		Release|x86 = Release|x86
		ReleaseMinDependency|x64 = ReleaseMinDependency|x64
		ReleaseMinDependency|x86 = ReleaseMinDependency|x86
		RelWithDebInfo|x64 = RelWithDebInfo|x64
		RelWithDebInfo|x86 = RelWithDebInfo|x86
	EndGlobalSection
	GlobalSection(ProjectConfigurationPlatforms) = postSolution
		{D779B12E-5F20-409E-A316-1D7A36ED0933}.Debug|x64.ActiveCfg = Debug|x64
		{D779B12E-5F20-409E-A316-1D7A36ED0933}.Debug|x64.Build.0 = Debug|x64
		{D779B12E-5F20-409E-A316-1D7A36ED0933}.Debug|x86.ActiveCfg = Debug|Win32
		{D779B12E-5F20-409E-A316-1D7A36ED0933}.Debug|x86.Build.0 = Debug|Win32
		{D779B12E-5F20-409E-A316-1D7A36ED0933}.MinSizeRel|x64.ActiveCfg = Release|x64
		{D779B12E-5F20-409E-A316-1D7A36ED0933}.MinSizeRel|x64.Build.0 = Release|x64
		{D779B12E-5F20-409E-A316-1D7A36ED0933}.MinSizeRel|x86.ActiveCfg = Release|Win32
		{D779B12E-5F20-409E-A316-1D7A36ED0933}.MinSizeRel|x86.Build.0 = Release|Win32
		{D779B12E-5F20-409E-A316-1D7A36ED0933}.Release|x64.ActiveCfg = Release|x64
		{D779B12E-5F20-409E-A316-1D7A36ED0933}.Release|x64.Build.0 = Release|x64
		{D779B12E-5F20-409E-A316-1D7A36ED0933}.Release|x86.ActiveCfg = Release|Win32
		{D779B12E-5F20-409E-A316-1D7A36ED0933}.Release|x86.Build.0 = Release|Win32
		{D779B12E-5F20-409E-A316-1D7A36ED0933}.ReleaseMinDependency|x64.ActiveCfg = Release|x64
		{D779B12E-5F20-409E-A316-1D7A36ED0933}.ReleaseMinDependency|x64.Build.0 = Release|x64
		{D779B12E-5F20-409E-A316-1D7A36ED0933}.ReleaseMinDependency|x86.ActiveCfg = Release|Win32
		{D779B12E-5F20-409E-A316-1D7A36ED0933}.ReleaseMinDependency|x86.Build.0 = Release|Win32
		{D779B12E-5F20-409E-A316-1D7A36ED0933}.RelWithDebInfo|x64.ActiveCfg = Release|x64
		{D779B12E-5F20-409E-A316-1D7A36ED0933}.RelWithDebInfo|x64.Build.0 = Release|x64
		{D779B12E-5F20-409E-A316-1D7A36ED0933}.RelWithDebInfo|x86.ActiveCfg = Release|Win32
		{D779B12E-5F20-409E-A316-1D7A36ED0933}.RelWithDebInfo|x86.Build.0 = Release|Win32
		{48BB8BD8-614B-472F-B2E5-B7BFB7B367B6}.Debug|x64.ActiveCfg = Debug|x64
		{48BB8BD8-614B-472F-B2E5-B7BFB7B367B6}.Debug|x64.Build.0 = Debug|x64
		{48BB8BD8-614B-472F-B2E5-B7BFB7B367B6}.Debug|x86.ActiveCfg = Debug|Win32
		{48BB8BD8-614B-472F-B2E5-B7BFB7B367B6}.Debug|x86.Build.0 = Debug|Win32
		{48BB8BD8-614B-472F-B2E5-B7BFB7B367B6}.MinSizeRel|x64.ActiveCfg = Release|x64
		{48BB8BD8-614B-472F-B2E5-B7BFB7B367B6}.MinSizeRel|x64.Build.0 = Release|x64
		{48BB8BD8-614B-472F-B2E5-B7BFB7B367B6}.MinSizeRel|x86.ActiveCfg = Release|Win32
		{48BB8BD8-614B-472F-B2E5-B7BFB7B367B6}.MinSizeRel|x86.Build.0 = Release|Win32
		{48BB8BD8-614B-472F-B2E5-B7BFB7B367B6}.Release|x64.ActiveCfg = Release|x64
		{48BB8BD8-614B-472F-B2E5-B7BFB7B367B6}.Release|x64.Build.0 = Release|x64
		{48BB8BD8-614B-472F-B2E5-B7BFB7B367B6}.Release|x86.ActiveCfg = Release|Win32
		{48BB8BD8-614B-472F-B2E5-B7BFB7B367B6}.Release|x86.Build.0 = Release|Win32
		{48BB8BD8-614B-472F-B2E5-B7BFB7B367B6}.ReleaseMinDependency|x64.ActiveCfg = Release|x64
		{48BB8BD8-614B-472F-B2E5-B7BFB7B367B6}.ReleaseMinDependency|x64.Build.0 = Release|x64
		{48BB8BD8-614B-472F-B2E5-B7BFB7B367B6}.ReleaseMinDependency|x86.ActiveCfg = Release|Win32
		{48BB8BD8-614B-472F-B2E5-B7BFB7B367B6}.ReleaseMinDependency|x86.Build.0 = Release|Win32
		{48BB8BD8-614B-472F-B2E5-B7BFB7B367B6}.RelWithDebInfo|x64.ActiveCfg = Release|x64
		{48BB8BD8-614B-472F-B2E5-B7BFB7B367B6}.RelWithDebInfo|x64.Build.0 = Release|x64
		{48BB8BD8-614B-472F-B2E5-B7BFB7B367B6}.RelWithDebInfo|x86.ActiveCfg = Release|Win32
		{48BB8BD8-614B-472F-B2E5-B7BFB7B367B6}.RelWithDebInfo|x86.Build.0 = Release|Win32
		{B67C8BB0-0871-4E51-9013-C679C49F8D2D}.Debug|x64.ActiveCfg = Debug|x64
		{B67C8BB0-0871-4E51-9013-C679C49F8D2D}.Debug|x64.Build.0 = Debug|x64
		{B67C8BB0-0871-4E51-9013-C679C49F8D2D}.Debug|x86.ActiveCfg = Debug|Win32
		{B67C8BB0-0871-4E51-9013-C679C49F8D2D}.Debug|x86.Build.0 = Debug|Win32
		{B67C8BB0-0871-4E51-9013-C679C49F8D2D}.MinSizeRel|x64.ActiveCfg = Release|x64
		{B67C8BB0-0871-4E51-9013-C679C49F8D2D}.MinSizeRel|x64.Build.0 = Release|x64
		{B67C8BB0-0871-4E51-9013-C679C49F8D2D}.MinSizeRel|x86.ActiveCfg = Release|Win32
		{B67C8BB0-0871-4E51-9013-C679C49F8D2D}.MinSizeRel|x86.Build.0 = Release|Win32
		{B67C8BB0-0871-4E51-9013-C679C49F8D2D}.Release|x64.ActiveCfg = Release|x64
		{B67C8BB0-0871-4E51-9013-C679C49F8D2D}.Release|x64.Build.0 = Release|x64
		{B67C8BB0-0871-4E51-9013-C679C49F8D2D}.Release|x86.ActiveCfg = Release|Win32
		{B67C8BB0-0871-4E51-9013-C679C49F8D2D}.Release|x86.Build.0 = Release|Win32
		{B67C8BB0-0871-4E51-9013-C679C49F8D2D}.ReleaseMinDependency|x64.ActiveCfg = Release|x64
		{B67C8BB0-0871-4E51-9013-C679C49F8D2D}.ReleaseMinDependency|x64.Build.0 = Release|x64
		{B67C8BB0-0871-4E51-9013-C679C49F8D2D}.ReleaseMinDependency|x86.ActiveCfg = Release|Win32
		{B67C8BB0-0871-4E51-9013-C679C49F8D2D}.ReleaseMinDependency|x86.Build.0 = Release|Win32
		{B67C8BB0-0871-4E51-9013-C679C49F8D2D}.RelWithDebInfo|x64.ActiveCfg = Release|x64
		{B67C8BB0-0871-4E51-9013-C679C49F8D2D}.RelWithDebInfo|x64.Build.0 = Release|x64
		{B67C8BB0-0871-4E51-9013-C679C49F8D2D}.RelWithDebInfo|x86.ActiveCfg = Release|Win32
		{B67C8BB0-0871-4E51-9013-C679C49F8D2D}.RelWithDebInfo|x86.Build.0 = Release|Win32
		{E8E7B242-FE57-4C6A-A7E6-C1B507D3227B}.Debug|x64.ActiveCfg = Debug|x64
		{E8E7B242-FE57-4C6A-A7E6-C1B507D3227B}.Debug|x64.Build.0 = Debug|x64
		{E8E7B242-FE57-4C6A-A7E6-C1B507D3227B}.Debug|x86.ActiveCfg = Debug|Win32
		{E8E7B242-FE57-4C6A-A7E6-C1B507D3227B}.Debug|x86.Build.0 = Debug|Win32
		{E8E7B242-FE57-4C6A-A7E6-C1B507D3227B}.MinSizeRel|x64.ActiveCfg = Release|x64
		{E8E7B242-FE57-4C6A-A7E6-C1B507D3227B}.MinSizeRel|x64.Build.0 = Release|x64
		{E8E7B242-FE57-4C6A-A7E6-C1B507D3227B}.MinSizeRel|x86.ActiveCfg = Release|Win32
		{E8E7B242-FE57-4C6A-A7E6-C1B507D3227B}.MinSizeRel|x86.Build.0 = Release|Win32
		{E8E7B242-FE57-4C6A-A7E6-C1B507D3227B}.Release|x64.ActiveCfg = Release|x64
		{E8E7B242-FE57-4C6A-A7E6-C1B507D3227B}.Release|x64.Build.0 = Release|x64
		{E8E7B242-FE57-4C6A-A7E6-C1B507D3227B}.Release|x86.ActiveCfg = Release|Win32
		{E8E7B242-FE57-4C6A-A7E6-C1B507D3227B}.Release|x86.Build.0 = Release|Win32
		{E8E7B242-FE57-4C6A-A7E6-C1B507D3227B}.ReleaseMinDependency|x64.ActiveCfg = Release|x64
		{E8E7B242-FE57-4C6A-A7E6-C1B507D3227B}.ReleaseMinDependency|x64.Build.0 = Release|x64
		{E8E7B242-FE57-4C6A-A7E6-C1B507D3227B}.ReleaseMinDependency|x86.ActiveCfg = Release|Win32
		{E8E7B242-FE57-4C6A-A7E6-C1B507D3227B}.ReleaseMinDependency|x86.Build.0 = Release|Win32
		{E8E7B242-FE57-4C6A-A7E6-C1B507D3227B}.RelWithDebInfo|x64.ActiveCfg = Release|x64
		{E8E7B242-FE57-4C6A-A7E6-C1B507D3227B}.RelWithDebInfo|x64.Build.0 = Release|x64
		{E8E7B242-FE57-4C6A-A7E6-C1B507D3227B}.RelWithDebInfo|x86.ActiveCfg = Release|Win32
		{E8E7B242-FE57-4C6A-A7E6-C1B507D3227B}.RelWithDebInfo|x86.Build.0 = Release|Win32
		{6EEBE883-9FC8-4D37-A08F-72CF0409709B}.Debug|x64.ActiveCfg = Debug|x64
		{6EEBE883-9FC8-4D37-A08F-72CF0409709B}.Debug|x64.Build.0 = Debug|x64
		{6EEBE883-9FC8-4D37-A08F-72CF0409709B}.Debug|x86.ActiveCfg = Debug|Win32
		{6EEBE883-9FC8-4D37-A08F-72CF0409709B}.Debug|x86.Build.0 = Debug|Win32
		{6EEBE883-9FC8-4D37-A08F-72CF0409709B}.MinSizeRel|x64.ActiveCfg = Release|x64
		{6EEBE883-9FC8-4D37-A08F-72CF0409709B}.MinSizeRel|x64.Build.0 = Release|x64
		{6EEBE883-9FC8-4D37-A08F-72CF0409709B}.MinSizeRel|x86.ActiveCfg = Release|Win32
		{6EEBE883-9FC8-4D37-A08F-72CF0409709B}.MinSizeRel|x86.Build.0 = Release|Win32
		{6EEBE883-9FC8-4D37-A08F-72CF0409709B}.Release|x64.ActiveCfg = Release|x64
		{6EEBE883-9FC8-4D37-A08F-72CF0409709B}.Release|x64.Build.0 = Release|x64
		{6EEBE883-9FC8-4D37-A08F-72CF0409709B}.Release|x86.ActiveCfg = Release|Win32
		{6EEBE883-9FC8-4D37-A08F-72CF0409709B}.Release|x86.Build.0 = Release|Win32
		{6EEBE883-9FC8-4D37-A08F-72CF0409709B}.ReleaseMinDependency|x64.ActiveCfg = Release|x64
		{6EEBE883-9FC8-4D37-A08F-72CF0409709B}.ReleaseMinDependency|x64.Build.0 = Release|x64
		{6EEBE883-9FC8-4D37-A08F-72CF0409709B}.ReleaseMinDependency|x86.ActiveCfg = Release|Win32
		{6EEBE883-9FC8-4D37-A08F-72CF0409709B}.ReleaseMinDependency|x86.Build.0 = Release|Win32
		{6EEBE883-9FC8-4D37-A08F-72CF0409709B}.RelWithDebInfo|x64.ActiveCfg = Release|x64
		{6EEBE883-9FC8-4D37-A08F-72CF0409709B}.RelWithDebInfo|x64.Build.0 = Release|x64
		{6EEBE883-9FC8-4D37-A08F-72CF0409709B}.RelWithDebInfo|x86.ActiveCfg = Release|Win32
		{6EEBE883-9FC8-4D37-A08F-72CF0409709B}.RelWithDebInfo|x86.Build.0 = Release|Win32
		{E4FC8B2C-20C0-4632-A521-093AC1B23A6E}.Debug|x64.ActiveCfg = Debug|x64
		{E4FC8B2C-20C0-4632-A521-093AC1B23A6E}.Debug|x64.Build.0 = Debug|x64
		{E4FC8B2C-20C0-4632-A521-093AC1B23A6E}.Debug|x86.ActiveCfg = Debug|Win32
		{E4FC8B2C-20C0-4632-A521-093AC1B23A6E}.Debug|x86.Build.0 = Debug|Win32
		{E4FC8B2C-20C0-4632-A521-093AC1B23A6E}.MinSizeRel|x64.ActiveCfg = Release|x64
		{E4FC8B2C-20C0-4632-A521-093AC1B23A6E}.MinSizeRel|x64.Build.0 = Release|x64
		{E4FC8B2C-20C0-4632-A521-093AC1B23A6E}.MinSizeRel|x86.ActiveCfg = Release|Win32
		{E4FC8B2C-20C0-4632-A521-093AC1B23A6E}.MinSizeRel|x86.Build.0 = Release|Win32
		{E4FC8B2C-20C0-4632-A521-093AC1B23A6E}.Release|x64.ActiveCfg = Release|x64
		{E4FC8B2C-20C0-4632-A521-093AC1B23A6E}.Release|x64.Build.0 = Release|x64
		{E4FC8B2C-20C0-4632-A521-093AC1B23A6E}.Release|x86.ActiveCfg = Release|Win32
		{E4FC8B2C-20C0-4632-A521-093AC1B23A6E}.Release|x86.Build.0 = Release|Win32
		{E4FC8B2C-20C0-4632-A521-093AC1B23A6E}.ReleaseMinDependency|x64.ActiveCfg = Release|x64
		{E4FC8B2C-20C0-4632-A521-093AC1B23A6E}.ReleaseMinDependency|x64.Build.0 = Release|x64
		{E4FC8B2C-20C0-4632-A521-093AC1B23A6E}.ReleaseMinDependency|x86.ActiveCfg = Release|Win32
		{E4FC8B2C-20C0-4632-A521-093AC1B23A6E}.ReleaseMinDependency|x86.Build.0 = Release|Win32
		{E4FC8B2C-20C0-4632-A521-093AC1B23A6E}.RelWithDebInfo|x64.ActiveCfg = Release|x64
		{E4FC8B2C-20C0-4632-A521-093AC1B23A6E}.RelWithDebInfo|x64.Build.0 = Release|x64
		{E4FC8B2C-20C0-4632-A521-093AC1B23A6E}.RelWithDebInfo|x86.ActiveCfg = Release|Win32
		{E4FC8B2C-20C0-4632-A521-093AC1B23A6E}.RelWithDebInfo|x86.Build.0 = Release|Win32
		{8A39EF2E-018E-49F2-95C8-7290D8231493}.Debug|x64.ActiveCfg = Debug|x64
		{8A39EF2E-018E-49F2-95C8-7290D8231493}.Debug|x64.Build.0 = Debug|x64
		{8A39EF2E-018E-49F2-95C8-7290D8231493}.Debug|x86.ActiveCfg = Debug|Win32
		{8A39EF2E-018E-49F2-95C8-7290D8231493}.Debug|x86.Build.0 = Debug|Win32
		{8A39EF2E-018E-49F2-95C8-7290D8231493}.MinSizeRel|x64.ActiveCfg = Release|x64
		{8A39EF2E-018E-49F2-95C8-7290D8231493}.MinSizeRel|x64.Build.0 = Release|x64
		{8A39EF2E-018E-49F2-95C8-7290D8231493}.MinSizeRel|x86.ActiveCfg = Release|Win32
		{8A39EF2E-018E-49F2-95C8-7290D8231493}.MinSizeRel|x86.Build.0 = Release|Win32
		{8A39EF2E-018E-49F2-95C8-7290D8231493}.Release|x64.ActiveCfg = Release|x64
		{8A39EF2E-018E-49F2-95C8-7290D8231493}.Release|x64.Build.0 = Release|x64
		{8A39EF2E-018E-49F2-95C8-7290D8231493}.Release|x86.ActiveCfg = Release|Win32
		{8A39EF2E-018E-49F2-95C8-7290D8231493}.Release|x86.Build.0 = Release|Win32
		{8A39EF2E-018E-49F2-95C8-7290D8231493}.ReleaseMinDependency|x64.ActiveCfg = Release|x64
		{8A39EF2E-018E-49F2-95C8-7290D8231493}.ReleaseMinDependency|x64.Build.0 = Release|x64
		{8A39EF2E-018E-49F2-95C8-7290D8231493}.ReleaseMinDependency|x86.ActiveCfg = Release|Win32
		{8A39EF2E-018E-49F2-95C8-7290D8231493}.ReleaseMinDependency|x86.Build.0 = Release|Win32
		{8A39EF2E-018E-49F2-95C8-7290D8231493}.RelWithDebInfo|x64.ActiveCfg = Release|x64
		{8A39EF2E-018E-49F2-95C8-7290D8231493}.RelWithDebInfo|x64.Build.0 = Release|x64
		{8A39EF2E-018E-49F2-95C8-7290D8231493}.RelWithDebInfo|x86.ActiveCfg = Release|Win32
		{8A39EF2E-018E-49F2-95C8-7290D8231493}.RelWithDebInfo|x86.Build.0 = Release|Win32
		{D965C98C-E4EA-4186-90FD-0F4540BB1669}.Debug|x64.ActiveCfg = Debug|x64
		{D965C98C-E4EA-4186-90FD-0F4540BB1669}.Debug|x64.Build.0 = Debug|x64
		{D965C98C-E4EA-4186-90FD-0F4540BB1669}.Debug|x86.ActiveCfg = Debug|Win32
		{D965C98C-E4EA-4186-90FD-0F4540BB1669}.Debug|x86.Build.0 = Debug|Win32
		{D965C98C-E4EA-4186-90FD-0F4540BB1669}.MinSizeRel|x64.ActiveCfg = Release|x64
		{D965C98C-E4EA-4186-90FD-0F4540BB1669}.MinSizeRel|x64.Build.0 = Release|x64
		{D965C98C-E4EA-4186-90FD-0F4540BB1669}.MinSizeRel|x86.ActiveCfg = Release|Win32
		{D965C98C-E4EA-4186-90FD-0F4540BB1669}.MinSizeRel|x86.Build.0 = Release|Win32
		{D965C98C-E4EA-4186-90FD-0F4540BB1669}.Release|x64.ActiveCfg = Release|x64
		{D965C98C-E4EA-4186-90FD-0F4540BB1669}.Release|x64.Build.0 = Release|x64
		{D965C98C-E4EA-4186-90FD-0F4540BB1669}.Release|x86.ActiveCfg = Release|Win32
		{D965C98C-E4EA-4186-90FD-0F4540BB1669}.Release|x86.Build.0 = Release|Win32
		{D965C98C-E4EA-4186-90FD-0F4540BB1669}.ReleaseMinDependency|x64.ActiveCfg = Release|x64
		{D965C98C-E4EA-4186-90FD-0F4540BB1669}.ReleaseMinDependency|x64.Build.0 = Release|x64
		{D965C98C-E4EA-4186-90FD-0F4540BB1669}.ReleaseMinDependency|x86.ActiveCfg = Release|Win32
		{D965C98C-E4EA-4186-90FD-0F4540BB1669}.ReleaseMinDependency|x86.Build.0 = Release|Win32
		{D965C98C-E4EA-4186-90FD-0F4540BB1669}.RelWithDebInfo|x64.ActiveCfg = Release|x64
		{D965C98C-E4EA-4186-90FD-0F4540BB1669}.RelWithDebInfo|x64.Build.0 = Release|x64
		{D965C98C-E4EA-4186-90FD-0F4540BB1669}.RelWithDebInfo|x86.ActiveCfg = Release|Win32
		{D965C98C-E4EA-4186-90FD-0F4540BB1669}.RelWithDebInfo|x86.Build.0 = Release|Win32
		{0909FEFF-51D6-4730-9B33-708C300638C1}.Debug|x64.ActiveCfg = Debug|x64
		{0909FEFF-51D6-4730-9B33-708C300638C1}.Debug|x64.Build.0 = Debug|x64
		{0909FEFF-51D6-4730-9B33-708C300638C1}.Debug|x86.ActiveCfg = Debug|x64
		{0909FEFF-51D6-4730-9B33-708C300638C1}.MinSizeRel|x64.ActiveCfg = Release|x64
		{0909FEFF-51D6-4730-9B33-708C300638C1}.MinSizeRel|x64.Build.0 = Release|x64
		{0909FEFF-51D6-4730-9B33-708C300638C1}.MinSizeRel|x86.ActiveCfg = Release|x64
		{0909FEFF-51D6-4730-9B33-708C300638C1}.MinSizeRel|x86.Build.0 = Release|x64
		{0909FEFF-51D6-4730-9B33-708C300638C1}.Release|x64.ActiveCfg = Release|x64
		{0909FEFF-51D6-4730-9B33-708C300638C1}.Release|x64.Build.0 = Release|x64
		{0909FEFF-51D6-4730-9B33-708C300638C1}.Release|x86.ActiveCfg = Release|x64
		{0909FEFF-51D6-4730-9B33-708C300638C1}.ReleaseMinDependency|x64.ActiveCfg = Release|x64
		{0909FEFF-51D6-4730-9B33-708C300638C1}.ReleaseMinDependency|x64.Build.0 = Release|x64
		{0909FEFF-51D6-4730-9B33-708C300638C1}.ReleaseMinDependency|x86.ActiveCfg = Release|x64
		{0909FEFF-51D6-4730-9B33-708C300638C1}.ReleaseMinDependency|x86.Build.0 = Release|x64
		{0909FEFF-51D6-4730-9B33-708C300638C1}.RelWithDebInfo|x64.ActiveCfg = Release|x64
		{0909FEFF-51D6-4730-9B33-708C300638C1}.RelWithDebInfo|x64.Build.0 = Release|x64
		{0909FEFF-51D6-4730-9B33-708C300638C1}.RelWithDebInfo|x86.ActiveCfg = Release|x64
		{0909FEFF-51D6-4730-9B33-708C300638C1}.RelWithDebInfo|x86.Build.0 = Release|x64
		{FD585186-A241-4589-985D-2EBC3506C024}.Debug|x64.ActiveCfg = Debug|x64
		{FD585186-A241-4589-985D-2EBC3506C024}.Debug|x64.Build.0 = Debug|x64
		{FD585186-A241-4589-985D-2EBC3506C024}.Debug|x86.ActiveCfg = Debug|Win32
		{FD585186-A241-4589-985D-2EBC3506C024}.Debug|x86.Build.0 = Debug|Win32
		{FD585186-A241-4589-985D-2EBC3506C024}.MinSizeRel|x64.ActiveCfg = Release|x64
		{FD585186-A241-4589-985D-2EBC3506C024}.MinSizeRel|x64.Build.0 = Release|x64
		{FD585186-A241-4589-985D-2EBC3506C024}.MinSizeRel|x86.ActiveCfg = Release|Win32
		{FD585186-A241-4589-985D-2EBC3506C024}.MinSizeRel|x86.Build.0 = Release|Win32
		{FD585186-A241-4589-985D-2EBC3506C024}.Release|x64.ActiveCfg = Release|x64
		{FD585186-A241-4589-985D-2EBC3506C024}.Release|x64.Build.0 = Release|x64
		{FD585186-A241-4589-985D-2EBC3506C024}.Release|x86.ActiveCfg = Release|Win32
		{FD585186-A241-4589-985D-2EBC3506C024}.Release|x86.Build.0 = Release|Win32
		{FD585186-A241-4589-985D-2EBC3506C024}.ReleaseMinDependency|x64.ActiveCfg = Release|x64
		{FD585186-A241-4589-985D-2EBC3506C024}.ReleaseMinDependency|x64.Build.0 = Release|x64
		{FD585186-A241-4589-985D-2EBC3506C024}.ReleaseMinDependency|x86.ActiveCfg = Release|Win32
		{FD585186-A241-4589-985D-2EBC3506C024}.ReleaseMinDependency|x86.Build.0 = Release|Win32
		{FD585186-A241-4589-985D-2EBC3506C024}.RelWithDebInfo|x64.ActiveCfg = Release|x64
		{FD585186-A241-4589-985D-2EBC3506C024}.RelWithDebInfo|x64.Build.0 = Release|x64
		{FD585186-A241-4589-985D-2EBC3506C024}.RelWithDebInfo|x86.ActiveCfg = Release|Win32
		{FD585186-A241-4589-985D-2EBC3506C024}.RelWithDebInfo|x86.Build.0 = Release|Win32
		{FAC2EE8D-DDA1-4237-B02F-884CEB24C6B8}.Debug|x64.ActiveCfg = Debug|x64
		{FAC2EE8D-DDA1-4237-B02F-884CEB24C6B8}.Debug|x64.Build.0 = Debug|x64
		{FAC2EE8D-DDA1-4237-B02F-884CEB24C6B8}.Debug|x86.ActiveCfg = Debug|Win32
		{FAC2EE8D-DDA1-4237-B02F-884CEB24C6B8}.Debug|x86.Build.0 = Debug|Win32
		{FAC2EE8D-DDA1-4237-B02F-884CEB24C6B8}.MinSizeRel|x64.ActiveCfg = Release|x64
		{FAC2EE8D-DDA1-4237-B02F-884CEB24C6B8}.MinSizeRel|x64.Build.0 = Release|x64
		{FAC2EE8D-DDA1-4237-B02F-884CEB24C6B8}.MinSizeRel|x86.ActiveCfg = Release|Win32
		{FAC2EE8D-DDA1-4237-B02F-884CEB24C6B8}.MinSizeRel|x86.Build.0 = Release|Win32
		{FAC2EE8D-DDA1-4237-B02F-884CEB24C6B8}.Release|x64.ActiveCfg = Release|x64
		{FAC2EE8D-DDA1-4237-B02F-884CEB24C6B8}.Release|x64.Build.0 = Release|x64
		{FAC2EE8D-DDA1-4237-B02F-884CEB24C6B8}.Release|x86.ActiveCfg = Release|Win32
		{FAC2EE8D-DDA1-4237-B02F-884CEB24C6B8}.Release|x86.Build.0 = Release|Win32
		{FAC2EE8D-DDA1-4237-B02F-884CEB24C6B8}.ReleaseMinDependency|x64.ActiveCfg = Release|x64
		{FAC2EE8D-DDA1-4237-B02F-884CEB24C6B8}.ReleaseMinDependency|x64.Build.0 = Release|x64
		{FAC2EE8D-DDA1-4237-B02F-884CEB24C6B8}.ReleaseMinDependency|x86.ActiveCfg = Release|Win32
		{FAC2EE8D-DDA1-4237-B02F-884CEB24C6B8}.ReleaseMinDependency|x86.Build.0 = Release|Win32
		{FAC2EE8D-DDA1-4237-B02F-884CEB24C6B8}.RelWithDebInfo|x64.ActiveCfg = Release|x64
		{FAC2EE8D-DDA1-4237-B02F-884CEB24C6B8}.RelWithDebInfo|x64.Build.0 = Release|x64
		{FAC2EE8D-DDA1-4237-B02F-884CEB24C6B8}.RelWithDebInfo|x86.ActiveCfg = Release|Win32
		{FAC2EE8D-DDA1-4237-B02F-884CEB24C6B8}.RelWithDebInfo|x86.Build.0 = Release|Win32
		{B46CD54F-C4E8-43DA-9899-2A172252B7A8}.Debug|x64.ActiveCfg = Debug|x64
		{B46CD54F-C4E8-43DA-9899-2A172252B7A8}.Debug|x64.Build.0 = Debug|x64
		{B46CD54F-C4E8-43DA-9899-2A172252B7A8}.Debug|x86.ActiveCfg = Debug|Win32
		{B46CD54F-C4E8-43DA-9899-2A172252B7A8}.Debug|x86.Build.0 = Debug|Win32
		{B46CD54F-C4E8-43DA-9899-2A172252B7A8}.MinSizeRel|x64.ActiveCfg = Release|x64
		{B46CD54F-C4E8-43DA-9899-2A172252B7A8}.MinSizeRel|x64.Build.0 = Release|x64
		{B46CD54F-C4E8-43DA-9899-2A172252B7A8}.MinSizeRel|x86.ActiveCfg = Release|Win32
		{B46CD54F-C4E8-43DA-9899-2A172252B7A8}.MinSizeRel|x86.Build.0 = Release|Win32
		{B46CD54F-C4E8-43DA-9899-2A172252B7A8}.Release|x64.ActiveCfg = Release|x64
		{B46CD54F-C4E8-43DA-9899-2A172252B7A8}.Release|x64.Build.0 = Release|x64
		{B46CD54F-C4E8-43DA-9899-2A172252B7A8}.Release|x86.ActiveCfg = Release|Win32
		{B46CD54F-C4E8-43DA-9899-2A172252B7A8}.Release|x86.Build.0 = Release|Win32
		{B46CD54F-C4E8-43DA-9899-2A172252B7A8}.ReleaseMinDependency|x64.ActiveCfg = Release|x64
		{B46CD54F-C4E8-43DA-9899-2A172252B7A8}.ReleaseMinDependency|x64.Build.0 = Release|x64
		{B46CD54F-C4E8-43DA-9899-2A172252B7A8}.ReleaseMinDependency|x86.ActiveCfg = Release|Win32
		{B46CD54F-C4E8-43DA-9899-2A172252B7A8}.ReleaseMinDependency|x86.Build.0 = Release|Win32
		{B46CD54F-C4E8-43DA-9899-2A172252B7A8}.RelWithDebInfo|x64.ActiveCfg = Release|x64
		{B46CD54F-C4E8-43DA-9899-2A172252B7A8}.RelWithDebInfo|x64.Build.0 = Release|x64
		{B46CD54F-C4E8-43DA-9899-2A172252B7A8}.RelWithDebInfo|x86.ActiveCfg = Release|Win32
		{B46CD54F-C4E8-43DA-9899-2A172252B7A8}.RelWithDebInfo|x86.Build.0 = Release|Win32
		{028A17C0-A276-4C1F-BCE1-2BE289BC2AC7}.Debug|x64.ActiveCfg = Debug|x64
		{028A17C0-A276-4C1F-BCE1-2BE289BC2AC7}.Debug|x64.Build.0 = Debug|x64
		{028A17C0-A276-4C1F-BCE1-2BE289BC2AC7}.Debug|x86.ActiveCfg = Debug|Win32
		{028A17C0-A276-4C1F-BCE1-2BE289BC2AC7}.Debug|x86.Build.0 = Debug|Win32
		{028A17C0-A276-4C1F-BCE1-2BE289BC2AC7}.MinSizeRel|x64.ActiveCfg = Release|x64
		{028A17C0-A276-4C1F-BCE1-2BE289BC2AC7}.MinSizeRel|x64.Build.0 = Release|x64
		{028A17C0-A276-4C1F-BCE1-2BE289BC2AC7}.MinSizeRel|x86.ActiveCfg = Release|Win32
		{028A17C0-A276-4C1F-BCE1-2BE289BC2AC7}.MinSizeRel|x86.Build.0 = Release|Win32
		{028A17C0-A276-4C1F-BCE1-2BE289BC2AC7}.Release|x64.ActiveCfg = Release|x64
		{028A17C0-A276-4C1F-BCE1-2BE289BC2AC7}.Release|x64.Build.0 = Release|x64
		{028A17C0-A276-4C1F-BCE1-2BE289BC2AC7}.Release|x86.ActiveCfg = Release|Win32
		{028A17C0-A276-4C1F-BCE1-2BE289BC2AC7}.Release|x86.Build.0 = Release|Win32
		{028A17C0-A276-4C1F-BCE1-2BE289BC2AC7}.ReleaseMinDependency|x64.ActiveCfg = Release|x64
		{028A17C0-A276-4C1F-BCE1-2BE289BC2AC7}.ReleaseMinDependency|x64.Build.0 = Release|x64
		{028A17C0-A276-4C1F-BCE1-2BE289BC2AC7}.ReleaseMinDependency|x86.ActiveCfg = Release|Win32
		{028A17C0-A276-4C1F-BCE1-2BE289BC2AC7}.ReleaseMinDependency|x86.Build.0 = Release|Win32
		{028A17C0-A276-4C1F-BCE1-2BE289BC2AC7}.RelWithDebInfo|x64.ActiveCfg = Release|x64
		{028A17C0-A276-4C1F-BCE1-2BE289BC2AC7}.RelWithDebInfo|x64.Build.0 = Release|x64
		{028A17C0-A276-4C1F-BCE1-2BE289BC2AC7}.RelWithDebInfo|x86.ActiveCfg = Release|Win32
		{028A17C0-A276-4C1F-BCE1-2BE289BC2AC7}.RelWithDebInfo|x86.Build.0 = Release|Win32
		{A066369B-465B-4EE9-B5AC-833C91E564B9}.Debug|x64.ActiveCfg = Debug|x64
		{A066369B-465B-4EE9-B5AC-833C91E564B9}.Debug|x64.Build.0 = Debug|x64
		{A066369B-465B-4EE9-B5AC-833C91E564B9}.Debug|x86.ActiveCfg = Debug|Win32
		{A066369B-465B-4EE9-B5AC-833C91E564B9}.Debug|x86.Build.0 = Debug|Win32
		{A066369B-465B-4EE9-B5AC-833C91E564B9}.MinSizeRel|x64.ActiveCfg = Debug|x64
		{A066369B-465B-4EE9-B5AC-833C91E564B9}.MinSizeRel|x64.Build.0 = Debug|x64
		{A066369B-465B-4EE9-B5AC-833C91E564B9}.MinSizeRel|x86.ActiveCfg = Debug|Win32
		{A066369B-465B-4EE9-B5AC-833C91E564B9}.MinSizeRel|x86.Build.0 = Debug|Win32
		{A066369B-465B-4EE9-B5AC-833C91E564B9}.Release|x64.ActiveCfg = Release|x64
		{A066369B-465B-4EE9-B5AC-833C91E564B9}.Release|x64.Build.0 = Release|x64
		{A066369B-465B-4EE9-B5AC-833C91E564B9}.Release|x86.ActiveCfg = Release|Win32
		{A066369B-465B-4EE9-B5AC-833C91E564B9}.Release|x86.Build.0 = Release|Win32
		{A066369B-465B-4EE9-B5AC-833C91E564B9}.ReleaseMinDependency|x64.ActiveCfg = Release|x64
		{A066369B-465B-4EE9-B5AC-833C91E564B9}.ReleaseMinDependency|x64.Build.0 = Release|x64
		{A066369B-465B-4EE9-B5AC-833C91E564B9}.ReleaseMinDependency|x86.ActiveCfg = Release|Win32
		{A066369B-465B-4EE9-B5AC-833C91E564B9}.ReleaseMinDependency|x86.Build.0 = Release|Win32
		{A066369B-465B-4EE9-B5AC-833C91E564B9}.RelWithDebInfo|x64.ActiveCfg = Release|x64
		{A066369B-465B-4EE9-B5AC-833C91E564B9}.RelWithDebInfo|x64.Build.0 = Release|x64
		{A066369B-465B-4EE9-B5AC-833C91E564B9}.RelWithDebInfo|x86.ActiveCfg = Release|Win32
		{A066369B-465B-4EE9-B5AC-833C91E564B9}.RelWithDebInfo|x86.Build.0 = Release|Win32
	EndGlobalSection
	GlobalSection(SolutionProperties) = preSolution
		HideSolutionNode = FALSE
	EndGlobalSection
	GlobalSection(NestedProjects) = preSolution
		{FAC2EE8D-DDA1-4237-B02F-884CEB24C6B8} = {1085B390-9963-4918-9947-46A64A85A63C}
		{B46CD54F-C4E8-43DA-9899-2A172252B7A8} = {1085B390-9963-4918-9947-46A64A85A63C}
		{A066369B-465B-4EE9-B5AC-833C91E564B9} = {1085B390-9963-4918-9947-46A64A85A63C}
	EndGlobalSection
	GlobalSection(ExtensibilityGlobals) = postSolution
		SolutionGuid = {3796E650-5316-43A4-BB97-88FFA7B81F44}
	EndGlobalSection
EndGlobal
