<?xml version="1.0" encoding="utf-8"?>
<Project ToolsVersion="4.0" xmlns="http://schemas.microsoft.com/developer/msbuild/2003">
  <ItemGroup>
    <Filter Include="windows">
      <UniqueIdentifier>{93995380-89BD-4b04-88EB-625FBE52EBFB}</UniqueIdentifier>
      <Extensions>h;hh;hpp;hxx;h++;hm;inl;inc;ipp;xsd</Extensions>
    </Filter>
    <Filter Include="core">
      <UniqueIdentifier>{4FC737F1-C7A5-4376-A066-2A32D752A2FF}</UniqueIdentifier>
      <Extensions>cpp;c;cc;cxx;c++;cppm;ixx;def;odl;idl;hpj;bat;asm;asmx</Extensions>
    </Filter>
    <Filter Include="src">
      <UniqueIdentifier>{67DA6AB6-F800-4c08-8B7A-83BB121AAD01}</UniqueIdentifier>
      <Extensions>rc;ico;cur;bmp;dlg;rc2;rct;bin;rgs;gif;jpg;jpeg;jpe;resx;tiff;tif;png;wav;mfcribbon-ms</Extensions>
    </Filter>
    <Filter Include="common">
      <UniqueIdentifier>{9ccf2556-3ca0-4de1-ac34-51f31700dc2a}</UniqueIdentifier>
    </Filter>
    <Filter Include="video_frame">
      <UniqueIdentifier>{93781a92-b688-46f4-8cf5-ce681431181a}</UniqueIdentifier>
    </Filter>
  </ItemGroup>
  <ItemGroup>
    <ClCompile Include="core\device_info_impl.cc">
      <Filter>core</Filter>
    </ClCompile>
    <ClCompile Include="core\video_capture_factory.cc">
      <Filter>core</Filter>
    </ClCompile>
    <ClCompile Include="core\video_capture_impl.cc">
      <Filter>core</Filter>
    </ClCompile>
    <ClCompile Include="windows\device_info_ds.cc">
      <Filter>windows</Filter>
    </ClCompile>
    <ClCompile Include="windows\help_functions_ds.cc">
      <Filter>windows</Filter>
    </ClCompile>
    <ClCompile Include="windows\sink_filter_ds.cc">
      <Filter>windows</Filter>
    </ClCompile>
    <ClCompile Include="windows\video_capture_ds.cc">
      <Filter>windows</Filter>
    </ClCompile>
    <ClCompile Include="windows\video_capture_factory_windows.cc">
      <Filter>windows</Filter>
    </ClCompile>
    <ClCompile Include="common\string_utils.cpp">
      <Filter>common</Filter>
    </ClCompile>
    <ClCompile Include="common\webrtc_libyuv.cc">
      <Filter>common</Filter>
    </ClCompile>
    <ClCompile Include="video_frame\color_space.cc">
      <Filter>video_frame</Filter>
    </ClCompile>
    <ClCompile Include="video_frame\hdr_metadata.cc">
      <Filter>video_frame</Filter>
    </ClCompile>
    <ClCompile Include="common\system_time.cc">
      <Filter>common</Filter>
    </ClCompile>
    <ClCompile Include="common\time_utils.cc">
      <Filter>common</Filter>
    </ClCompile>
    <ClCompile Include="vcm_capturer.cc">
      <Filter>src</Filter>
    </ClCompile>
    <ClCompile Include="video_frame\i420_buffer.cc">
      <Filter>video_frame</Filter>
    </ClCompile>
    <ClCompile Include="video_frame\video_frame_buffer.cc">
      <Filter>video_frame</Filter>
    </ClCompile>
    <ClCompile Include="common\aligned_malloc.cc">
      <Filter>common</Filter>
    </ClCompile>
    <ClCompile Include="video_frame\i444_buffer.cc">
      <Filter>video_frame</Filter>
    </ClCompile>
    <ClCompile Include="video_frame\nv12_buffer.cc">
      <Filter>video_frame</Filter>
    </ClCompile>
    <ClCompile Include="video_frame\video_frame.cc">
      <Filter>video_frame</Filter>
    </ClCompile>
    <ClCompile Include="video_frame_subscriber.cc">
      <Filter>src</Filter>
    </ClCompile>
  </ItemGroup>
  <ItemGroup>
    <ClInclude Include="core\device_info_impl.h">
      <Filter>core</Filter>
    </ClInclude>
    <ClInclude Include="core\video_capture.h">
      <Filter>core</Filter>
    </ClInclude>
    <ClInclude Include="core\video_capture_config.h">
      <Filter>core</Filter>
    </ClInclude>
    <ClInclude Include="core\video_capture_defines.h">
      <Filter>core</Filter>
    </ClInclude>
    <ClInclude Include="core\video_capture_factory.h">
      <Filter>core</Filter>
    </ClInclude>
    <ClInclude Include="core\video_capture_impl.h">
      <Filter>core</Filter>
    </ClInclude>
    <ClInclude Include="windows\device_info_ds.h">
      <Filter>windows</Filter>
    </ClInclude>
    <ClInclude Include="windows\help_functions_ds.h">
      <Filter>windows</Filter>
    </ClInclude>
    <ClInclude Include="windows\sink_filter_ds.h">
      <Filter>windows</Filter>
    </ClInclude>
    <ClInclude Include="windows\video_capture_ds.h">
      <Filter>windows</Filter>
    </ClInclude>
    <ClInclude Include="common\string_utils.h">
      <Filter>common</Filter>
    </ClInclude>
    <ClInclude Include="common\scoped_refptr.h">
      <Filter>common</Filter>
    </ClInclude>
    <ClInclude Include="common\webrtc_libyuv.h">
      <Filter>common</Filter>
    </ClInclude>
    <ClInclude Include="video_frame\video_rotation.h">
      <Filter>video_frame</Filter>
    </ClInclude>
    <ClInclude Include="video_frame\video_sink_interface.h">
      <Filter>video_frame</Filter>
    </ClInclude>
    <ClInclude Include="video_frame\video_track_source_constraints.h">
      <Filter>video_frame</Filter>
    </ClInclude>
    <ClInclude Include="common\ref_count.h">
      <Filter>common</Filter>
    </ClInclude>
    <ClInclude Include="video_frame\color_space.h">
      <Filter>video_frame</Filter>
    </ClInclude>
    <ClInclude Include="video_frame\hdr_metadata.h">
      <Filter>video_frame</Filter>
    </ClInclude>
    <ClInclude Include="common\ref_counted_object.h">
      <Filter>common</Filter>
    </ClInclude>
    <ClInclude Include="common\system_time.h">
      <Filter>common</Filter>
    </ClInclude>
    <ClInclude Include="common\time_utils.h">
      <Filter>common</Filter>
    </ClInclude>
    <ClInclude Include="common\ref_counter.h">
      <Filter>common</Filter>
    </ClInclude>
    <ClInclude Include="common\rtc_log.h">
      <Filter>common</Filter>
    </ClInclude>
    <ClInclude Include="common\arraysize.h">
      <Filter>common</Filter>
    </ClInclude>
    <ClInclude Include="vcm_capturer.h">
      <Filter>src</Filter>
    </ClInclude>
    <ClInclude Include="video_frame\i420_buffer.h">
      <Filter>video_frame</Filter>
    </ClInclude>
    <ClInclude Include="video_frame\video_frame_buffer.h">
      <Filter>video_frame</Filter>
    </ClInclude>
    <ClInclude Include="common\aligned_malloc.h">
      <Filter>common</Filter>
    </ClInclude>
    <ClInclude Include="video_frame\i444_buffer.h">
      <Filter>video_frame</Filter>
    </ClInclude>
    <ClInclude Include="video_frame\nv12_buffer.h">
      <Filter>video_frame</Filter>
    </ClInclude>
    <ClInclude Include="video_frame\video_frame.h">
      <Filter>video_frame</Filter>
    </ClInclude>
    <ClInclude Include="common\threadqueue.hpp">
      <Filter>common</Filter>
    </ClInclude>
    <ClInclude Include="video_frame_subscriber.h">
      <Filter>src</Filter>
    </ClInclude>
  </ItemGroup>
</Project>